
Microsoft Visual Studio Solution File, Format Version 12.00
# Visual Studio 14
VisualStudioVersion = 14.0.25420.1
MinimumVisualStudioVersion = 10.0.40219.1
Project("{2150E333-8FDC-42A3-9474-1A3956D46DE8}") = "src", "src", "{A29D8CD6-0AF5-467F-B008-7D61EAEC926A}"
EndProject
Project("{2150E333-8FDC-42A3-9474-1A3956D46DE8}") = "Solution Items", "Solution Items", "{5A5F76AE-8F53-42A0-878F-6FCDD840E09D}"
	ProjectSection(SolutionItems) = preProject
		global.json = global.json
	EndProjectSection
EndProject
Project("{8BB2217D-0F2D-49D1-97BC-3654ED321F3B}") = "WebApplication7", "src\WebApplication7\WebApplication7.xproj", "{57F29114-C14C-41B8-AC81-2E39C5FD59B6}"
EndProject
Global
	GlobalSection(SolutionConfigurationPlatforms) = preSolution
		Debug|Any CPU = Debug|Any CPU
		Release|Any CPU = Release|Any CPU
	EndGlobalSection
	GlobalSection(ProjectConfigurationPlatforms) = postSolution
		{57F29114-C14C-41B8-AC81-2E39C5FD59B6}.Debug|Any CPU.ActiveCfg = Debug|Any CPU
		{57F29114-C14C-41B8-AC81-2E39C5FD59B6}.Debug|Any CPU.Build.0 = Debug|Any CPU
		{57F29114-C14C-41B8-AC81-2E39C5FD59B6}.Release|Any CPU.ActiveCfg = Release|Any CPU
		{57F29114-C14C-41B8-AC81-2E39C5FD59B6}.Release|Any CPU.Build.0 = Release|Any CPU
	EndGlobalSection
	GlobalSection(SolutionProperties) = preSolution
		HideSolutionNode = FALSE
	EndGlobalSection
	GlobalSection(NestedProjects) = preSolution
		{57F29114-C14C-41B8-AC81-2E39C5FD59B6} = {A29D8CD6-0AF5-467F-B008-7D61EAEC926A}
	EndGlobalSection
EndGlobal
